{
  "name": "ARQ-HashrateMonitor",
  "version": "1.0.0",
  "lockfileVersion": 1,
  "requires": true,
  "dependencies": {
    "@arqma/arqma-rpc": {
      "version": "0.1.8",
      "resolved": "https://registry.npmjs.org/@arqma/arqma-rpc/-/arqma-rpc-0.1.8.tgz",
      "integrity": "sha512-bGsIG1S0iLByqEokCUAMcfxvh00yieM4LxhkyUMOPzxhQxrmEXF4DO/Zds6mhVorR0RMorFFnbNK6b1RrDKrvQ==",
      "requires": {
        "p-queue": "^4.0.0"
      }
    },
    "eventemitter3": {
      "version": "3.1.2",
      "resolved": "https://registry.npmjs.org/eventemitter3/-/eventemitter3-3.1.2.tgz",
      "integrity": "sha512-tvtQIeLVHjDkJYnzf2dgVMxfuSGJeM/7UCG17TT4EumTfNtF+0nebF/4zWOIkCreAbtNqhGEboB6BWrwqNaw4Q=="
    },
    "nan": {
      "version": "2.14.0",
      "resolved": "https://registry.npmjs.org/nan/-/nan-2.14.0.tgz",
      "integrity": "sha512-INOFj37C7k3AfaNTtX8RhsTw7qRy7eLET14cROi9+5HAVbbHuIWUHEauBv5qT4Av2tWasiTY1Jw6puUNqRJXQg=="
    },
    "node-fetch": {
      "version": "2.6.0",
      "resolved": "https://registry.npmjs.org/node-fetch/-/node-fetch-2.6.0.tgz",
      "integrity": "sha512-8dG4H5ujfvFiqDmVu9fQ5bOHUC15JMjMY/Zumv26oOvvVJjM67KF8koCWIabKQ1GJIa9r2mMZscBq/TbdOcmNA=="
    },
    "p-queue": {
      "version": "4.0.0",
      "resolved": "https://registry.npmjs.org/p-queue/-/p-queue-4.0.0.tgz",
      "integrity": "sha512-3cRXXn3/O0o3+eVmUroJPSj/esxoEFIm0ZOno/T+NzG/VZgPOqQ8WKmlNqubSEpZmCIngEy34unkHGg83ZIBmg==",
      "requires": {
        "eventemitter3": "^3.1.0"
      }
    },
    "rpi-ws281x-native": {
      "version": "0.9.0",
      "resolved": "https://registry.npmjs.org/rpi-ws281x-native/-/rpi-ws281x-native-0.9.0.tgz",
      "integrity": "sha512-Wj5X2iZyI5LMzxQeUoRpQJLIMWmthFDiOrcgRsIjZaebyzLsM0QtZ309YSF0enDYNdSQj+y0pmn9+uDHyvO/8A==",
      "requires": {
        "nan": "^2.0.9"
      }
    }
  }
}
